
Microsoft Visual Studio Solution File, Format Version 12.00
# Visual Studio 15
VisualStudioVersion = 15.0.27004.2008
MinimumVisualStudioVersion = 10.0.40219.1
Project("{9A19103F-16F7-4668-BE54-9A1E7A4F7556}") = "2C2P.DAL", "..\..\..\2C2P\2C2P.DAL\2C2P.DAL.csproj", "{8976BB51-6E6E-4AC7-9D4B-FD5386FDFEC6}"
EndProject
Global
	GlobalSection(SolutionConfigurationPlatforms) = preSolution
		Debug|Any CPU = Debug|Any CPU
		Release|Any CPU = Release|Any CPU
	EndGlobalSection
	GlobalSection(ProjectConfigurationPlatforms) = postSolution
		{8976BB51-6E6E-4AC7-9D4B-FD5386FDFEC6}.Debug|Any CPU.ActiveCfg = Debug|Any CPU
		{8976BB51-6E6E-4AC7-9D4B-FD5386FDFEC6}.Debug|Any CPU.Build.0 = Debug|Any CPU
		{8976BB51-6E6E-4AC7-9D4B-FD5386FDFEC6}.Release|Any CPU.ActiveCfg = Release|Any CPU
		{8976BB51-6E6E-4AC7-9D4B-FD5386FDFEC6}.Release|Any CPU.Build.0 = Release|Any CPU
	EndGlobalSection
	GlobalSection(SolutionProperties) = preSolution
		HideSolutionNode = FALSE
	EndGlobalSection
	GlobalSection(ExtensibilityGlobals) = postSolution
		SolutionGuid = {1DB25407-8134-42CE-AE0C-3B7BE91A7197}
	EndGlobalSection
EndGlobal
